// !$*UTF8*$!
{
	archiveVersion = 1;
	classes = {
	};
	objectVersion = 50;
	objects = {

/* Begin PBXBuildFile section */
		2464DCE32584B6940088DCBC /* AppDelegate.swift in Sources */ = {isa = PBXBuildFile; fileRef = 2464DCE22584B6940088DCBC /* AppDelegate.swift */; };
		2464DCE52584B6940088DCBC /* SceneDelegate.swift in Sources */ = {isa = PBXBuildFile; fileRef = 2464DCE42584B6940088DCBC /* SceneDelegate.swift */; };
		2464DCE72584B6940088DCBC /* Login.swift in Sources */ = {isa = PBXBuildFile; fileRef = 2464DCE62584B6940088DCBC /* Login.swift */; };
		2464DCEA2584B6940088DCBC /* Main.storyboard in Resources */ = {isa = PBXBuildFile; fileRef = 2464DCE82584B6940088DCBC /* Main.storyboard */; };
		2464DCEC2584B6970088DCBC /* Assets.xcassets in Resources */ = {isa = PBXBuildFile; fileRef = 2464DCEB2584B6970088DCBC /* Assets.xcassets */; };
		2464DCEF2584B6970088DCBC /* LaunchScreen.storyboard in Resources */ = {isa = PBXBuildFile; fileRef = 2464DCED2584B6970088DCBC /* LaunchScreen.storyboard */; };
		2464DCFB2584B8A10088DCBC /* AboutMe.swift in Sources */ = {isa = PBXBuildFile; fileRef = 2464DCFA2584B8A10088DCBC /* AboutMe.swift */; };
		2464DCFF2584B8E00088DCBC /* Hobby.swift in Sources */ = {isa = PBXBuildFile; fileRef = 2464DCFE2584B8E00088DCBC /* Hobby.swift */; };
		2464DD042584E01E0088DCBC /* ModelsLigin.swift in Sources */ = {isa = PBXBuildFile; fileRef = 2464DD032584E01E0088DCBC /* ModelsLigin.swift */; };
/* End PBXBuildFile section */

/* Begin PBXFileReference section */
		2464DCDF2584B6940088DCBC /* Login.app */ = {isa = PBXFileReference; explicitFileType = wrapper.application; includeInIndex = 0; path = Login.app; sourceTree = BUILT_PRODUCTS_DIR; };
		2464DCE22584B6940088DCBC /* AppDelegate.swift */ = {isa = PBXFileReference; lastKnownFileType = sourcecode.swift; path = AppDelegate.swift; sourceTree = "<group>"; };
		2464DCE42584B6940088DCBC /* SceneDelegate.swift */ = {isa = PBXFileReference; lastKnownFileType = sourcecode.swift; path = SceneDelegate.swift; sourceTree = "<group>"; };
		2464DCE62584B6940088DCBC /* Login.swift */ = {isa = PBXFileReference; lastKnownFileType = sourcecode.swift; path = Login.swift; sourceTree = "<group>"; };
		2464DCE92584B6940088DCBC /* Base */ = {isa = PBXFileReference; lastKnownFileType = file.storyboard; name = Base; path = Base.lproj/Main.storyboard; sourceTree = "<group>"; };
		2464DCEB2584B6970088DCBC /* Assets.xcassets */ = {isa = PBXFileReference; lastKnownFileType = folder.assetcatalog; path = Assets.xcassets; sourceTree = "<group>"; };
		2464DCEE2584B6970088DCBC /* Base */ = {isa = PBXFileReference; lastKnownFileType = file.storyboard; name = Base; path = Base.lproj/LaunchScreen.storyboard; sourceTree = "<group>"; };
		2464DCF02584B6970088DCBC /* Info.plist */ = {isa = PBXFileReference; lastKnownFileType = text.plist.xml; path = Info.plist; sourceTree = "<group>"; };
		2464DCFA2584B8A10088DCBC /* AboutMe.swift */ = {isa = PBXFileReference; lastKnownFileType = sourcecode.swift; path = AboutMe.swift; sourceTree = "<group>"; };
		2464DCFE2584B8E00088DCBC /* Hobby.swift */ = {isa = PBXFileReference; lastKnownFileType = sourcecode.swift; path = Hobby.swift; sourceTree = "<group>"; };
		2464DD032584E01E0088DCBC /* ModelsLigin.swift */ = {isa = PBXFileReference; lastKnownFileType = sourcecode.swift; path = ModelsLigin.swift; sourceTree = "<group>"; };
/* End PBXFileReference section */

/* Begin PBXFrameworksBuildPhase section */
		2464DCDC2584B6940088DCBC /* Frameworks */ = {
			isa = PBXFrameworksBuildPhase;
			buildActionMask = 2147483647;
			files = (
			);
			runOnlyForDeploymentPostprocessing = 0;
		};
/* End PBXFrameworksBuildPhase section */

/* Begin PBXGroup section */
		2464DCD62584B6940088DCBC = {
			isa = PBXGroup;
			children = (
				2464DCE12584B6940088DCBC /* Login */,
				2464DCE02584B6940088DCBC /* Products */,
			);
			sourceTree = "<group>";
		};
		2464DCE02584B6940088DCBC /* Products */ = {
			isa = PBXGroup;
			children = (
				2464DCDF2584B6940088DCBC /* Login.app */,
			);
			name = Products;
			sourceTree = "<group>";
		};
		2464DCE12584B6940088DCBC /* Login */ = {
			isa = PBXGroup;
			children = (
				2464DD022584E0040088DCBC /* Models */,
				2464DCF92584B7D60088DCBC /* ViewController */,
				2464DCF82584B7270088DCBC /* support */,
				2464DCF72584B6B90088DCBC /* Storybords */,
				2464DCEB2584B6970088DCBC /* Assets.xcassets */,
			);
			path = Login;
			sourceTree = "<group>";
		};
		2464DCF72584B6B90088DCBC /* Storybords */ = {
			isa = PBXGroup;
			children = (
				2464DCE82584B6940088DCBC /* Main.storyboard */,
				2464DCED2584B6970088DCBC /* LaunchScreen.storyboard */,
			);
			path = Storybords;
			sourceTree = "<group>";
		};
		2464DCF82584B7270088DCBC /* support */ = {
			isa = PBXGroup;
			children = (
				2464DCE22584B6940088DCBC /* AppDelegate.swift */,
				2464DCE42584B6940088DCBC /* SceneDelegate.swift */,
				2464DCF02584B6970088DCBC /* Info.plist */,
			);
			path = support;
			sourceTree = "<group>";
		};
		2464DCF92584B7D60088DCBC /* ViewController */ = {
			isa = PBXGroup;
			children = (
				2464DCE62584B6940088DCBC /* Login.swift */,
				2464DCFA2584B8A10088DCBC /* AboutMe.swift */,
				2464DCFE2584B8E00088DCBC /* Hobby.swift */,
			);
			path = ViewController;
			sourceTree = "<group>";
		};
		2464DD022584E0040088DCBC /* Models */ = {
			isa = PBXGroup;
			children = (
				2464DD032584E01E0088DCBC /* ModelsLigin.swift */,
			);
			path = Models;
			sourceTree = "<group>";
		};
/* End PBXGroup section */

/* Begin PBXNativeTarget section */
		2464DCDE2584B6940088DCBC /* Login */ = {
			isa = PBXNativeTarget;
			buildConfigurationList = 2464DCF32584B6970088DCBC /* Build configuration list for PBXNativeTarget "Login" */;
			buildPhases = (
				2464DCDB2584B6940088DCBC /* Sources */,
				2464DCDC2584B6940088DCBC /* Frameworks */,
				2464DCDD2584B6940088DCBC /* Resources */,
			);
			buildRules = (
			);
			dependencies = (
			);
			name = Login;
			productName = Login;
			productReference = 2464DCDF2584B6940088DCBC /* Login.app */;
			productType = "com.apple.product-type.application";
		};
/* End PBXNativeTarget section */

/* Begin PBXProject section */
		2464DCD72584B6940088DCBC /* Project object */ = {
			isa = PBXProject;
			attributes = {
				LastSwiftUpdateCheck = 1210;
				LastUpgradeCheck = 1210;
				TargetAttributes = {
					2464DCDE2584B6940088DCBC = {
						CreatedOnToolsVersion = 12.1;
					};
				};
			};
			buildConfigurationList = 2464DCDA2584B6940088DCBC /* Build configuration list for PBXProject "Login" */;
			compatibilityVersion = "Xcode 9.3";
			developmentRegion = en;
			hasScannedForEncodings = 0;
			knownRegions = (
				en,
				Base,
			);
			mainGroup = 2464DCD62584B6940088DCBC;
			productRefGroup = 2464DCE02584B6940088DCBC /* Products */;
			projectDirPath = "";
			projectRoot = "";
			targets = (
				2464DCDE2584B6940088DCBC /* Login */,
			);
		};
/* End PBXProject section */

/* Begin PBXResourcesBuildPhase section */
		2464DCDD2584B6940088DCBC /* Resources */ = {
			isa = PBXResourcesBuildPhase;
			buildActionMask = 2147483647;
			files = (
				2464DCEF2584B6970088DCBC /* LaunchScreen.storyboard in Resources */,
				2464DCEC2584B6970088DCBC /* Assets.xcassets in Resources */,
				2464DCEA2584B6940088DCBC /* Main.storyboard in Resources */,
			);
			runOnlyForDeploymentPostprocessing = 0;
		};
/* End PBXResourcesBuildPhase section */

/* Begin PBXSourcesBuildPhase section */
		2464DCDB2584B6940088DCBC /* Sources */ = {
			isa = PBXSourcesBuildPhase;
			buildActionMask = 2147483647;
			files = (
				2464DCE72584B6940088DCBC /* Login.swift in Sources */,
				2464DCFF2584B8E00088DCBC /* Hobby.swift in Sources */,
				2464DCFB2584B8A10088DCBC /* AboutMe.swift in Sources */,
				2464DCE32584B6940088DCBC /* AppDelegate.swift in Sources */,
				2464DCE52584B6940088DCBC /* SceneDelegate.swift in Sources */,
				2464DD042584E01E0088DCBC /* ModelsLigin.swift in Sources */,
			);
			runOnlyForDeploymentPostprocessing = 0;
		};
/* End PBXSourcesBuildPhase section */

/* Begin PBXVariantGroup section */
		2464DCE82584B6940088DCBC /* Main.storyboard */ = {
			isa = PBXVariantGroup;
			children = (
				2464DCE92584B6940088DCBC /* Base */,
			);
			name = Main.storyboard;
			sourceTree = "<group>";
		};
		2464DCED2584B6970088DCBC /* LaunchScreen.storyboard */ = {
			isa = PBXVariantGroup;
			children = (
				2464DCEE2584B6970088DCBC /* Base */,
			);
			name = LaunchScreen.storyboard;
			sourceTree = "<group>";
		};
/* End PBXVariantGroup section */

/* Begin XCBuildConfiguration section */
		2464DCF12584B6970088DCBC /* Debug */ = {
			isa = XCBuildConfiguration;
			buildSettings = {
				ALWAYS_SEARCH_USER_PATHS = NO;
				CLANG_ANALYZER_NONNULL = YES;
				CLANG_ANALYZER_NUMBER_OBJECT_CONVERSION = YES_AGGRESSIVE;
				CLANG_CXX_LANGUAGE_STANDARD = "gnu++14";
				CLANG_CXX_LIBRARY = "libc++";
				CLANG_ENABLE_MODULES = YES;
				CLANG_ENABLE_OBJC_ARC = YES;
				CLANG_ENABLE_OBJC_WEAK = YES;
				CLANG_WARN_BLOCK_CAPTURE_AUTORELEASING = YES;
				CLANG_WARN_BOOL_CONVERSION = YES;
				CLANG_WARN_COMMA = YES;
				CLANG_WARN_CONSTANT_CONVERSION = YES;
				CLANG_WARN_DEPRECATED_OBJC_IMPLEMENTATIONS = YES;
				CLANG_WARN_DIRECT_OBJC_ISA_USAGE = YES_ERROR;
				CLANG_WARN_DOCUMENTATION_COMMENTS = YES;
				CLANG_WARN_EMPTY_BODY = YES;
				CLANG_WARN_ENUM_CONVERSION = YES;
				CLANG_WARN_INFINITE_RECURSION = YES;
				CLANG_WARN_INT_CONVERSION = YES;
				CLANG_WARN_NON_LITERAL_NULL_CONVERSION = YES;
				CLANG_WARN_OBJC_IMPLICIT_RETAIN_SELF = YES;
				CLANG_WARN_OBJC_LITERAL_CONVERSION = YES;
				CLANG_WARN_OBJC_ROOT_CLASS = YES_ERROR;
				CLANG_WARN_QUOTED_INCLUDE_IN_FRAMEWORK_HEADER = YES;
				CLANG_WARN_RANGE_LOOP_ANALYSIS = YES;
				CLANG_WARN_STRICT_PROTOTYPES = YES;
				CLANG_WARN_SUSPICIOUS_MOVE = YES;
				CLANG_WARN_UNGUARDED_AVAILABILITY = YES_AGGRESSIVE;
				CLANG_WARN_UNREACHABLE_CODE = YES;
				CLANG_WARN__DUPLICATE_METHOD_MATCH = YES;
				COPY_PHASE_STRIP = NO;
				DEBUG_INFORMATION_FORMAT = dwarf;
				ENABLE_STRICT_OBJC_MSGSEND = YES;
				ENABLE_TESTABILITY = YES;
				GCC_C_LANGUAGE_STANDARD = gnu11;
				GCC_DYNAMIC_NO_PIC = NO;
				GCC_NO_COMMON_BLOCKS = YES;
				GCC_OPTIMIZATION_LEVEL = 0;
				GCC_PREPROCESSOR_DEFINITIONS = (
					"DEBUG=1",
					"$(inherited)",
				);
				GCC_WARN_64_TO_32_BIT_CONVERSION = YES;
				GCC_WARN_ABOUT_RETURN_TYPE = YES_ERROR;
				GCC_WARN_UNDECLARED_SELECTOR = YES;
				GCC_WARN_UNINITIALIZED_AUTOS = YES_AGGRESSIVE;
				GCC_WARN_UNUSED_FUNCTION = YES;
				GCC_WARN_UNUSED_VARIABLE = YES;
				IPHONEOS_DEPLOYMENT_TARGET = 14.1;
				MTL_ENABLE_DEBUG_INFO = INCLUDE_SOURCE;
				MTL_FAST_MATH = YES;
				ONLY_ACTIVE_ARCH = YES;
				SDKROOT = iphoneos;
				SWIFT_ACTIVE_COMPILATION_CONDITIONS = DEBUG;
				SWIFT_OPTIMIZATION_LEVEL = "-Onone";
			};
			name = Debug;
		};
		2464DCF22584B6970088DCBC /* Release */ = {
			isa = XCBuildConfiguration;
			buildSettings = {
				ALWAYS_SEARCH_USER_PATHS = NO;
				CLANG_ANALYZER_NONNULL = YES;
				CLANG_ANALYZER_NUMBER_OBJECT_CONVERSION = YES_AGGRESSIVE;
				CLANG_CXX_LANGUAGE_STANDARD = "gnu++14";
				CLANG_CXX_LIBRARY = "libc++";
				CLANG_ENABLE_MODULES = YES;
				CLANG_ENABLE_OBJC_ARC = YES;
				CLANG_ENABLE_OBJC_WEAK = YES;
				CLANG_WARN_BLOCK_CAPTURE_AUTORELEASING = YES;
				CLANG_WARN_BOOL_CONVERSION = YES;
				CLANG_WARN_COMMA = YES;
				CLANG_WARN_CONSTANT_CONVERSION = YES;
				CLANG_WARN_DEPRECATED_OBJC_IMPLEMENTATIONS = YES;
				CLANG_WARN_DIRECT_OBJC_ISA_USAGE = YES_ERROR;
				CLANG_WARN_DOCUMENTATION_COMMENTS = YES;
				CLANG_WARN_EMPTY_BODY = YES;
				CLANG_WARN_ENUM_CONVERSION = YES;
				CLANG_WARN_INFINITE_RECURSION = YES;
				CLANG_WARN_INT_CONVERSION = YES;
				CLANG_WARN_NON_LITERAL_NULL_CONVERSION = YES;
				CLANG_WARN_OBJC_IMPLICIT_RETAIN_SELF = YES;
				CLANG_WARN_OBJC_LITERAL_CONVERSION = YES;
				CLANG_WARN_OBJC_ROOT_CLASS = YES_ERROR;
				CLANG_WARN_QUOTED_INCLUDE_IN_FRAMEWORK_HEADER = YES;
				CLANG_WARN_RANGE_LOOP_ANALYSIS = YES;
				CLANG_WARN_STRICT_PROTOTYPES = YES;
				CLANG_WARN_SUSPICIOUS_MOVE = YES;
				CLANG_WARN_UNGUARDED_AVAILABILITY = YES_AGGRESSIVE;
				CLANG_WARN_UNREACHABLE_CODE = YES;
				CLANG_WARN__DUPLICATE_METHOD_MATCH = YES;
				COPY_PHASE_STRIP = NO;
				DEBUG_INFORMATION_FORMAT = "dwarf-with-dsym";
				ENABLE_NS_ASSERTIONS = NO;
				ENABLE_STRICT_OBJC_MSGSEND = YES;
				GCC_C_LANGUAGE_STANDARD = gnu11;
				GCC_NO_COMMON_BLOCKS = YES;
				GCC_WARN_64_TO_32_BIT_CONVERSION = YES;
				GCC_WARN_ABOUT_RETURN_TYPE = YES_ERROR;
				GCC_WARN_UNDECLARED_SELECTOR = YES;
				GCC_WARN_UNINITIALIZED_AUTOS = YES_AGGRESSIVE;
				GCC_WARN_UNUSED_FUNCTION = YES;
				GCC_WARN_UNUSED_VARIABLE = YES;
				IPHONEOS_DEPLOYMENT_TARGET = 14.1;
				MTL_ENABLE_DEBUG_INFO = NO;
				MTL_FAST_MATH = YES;
				SDKROOT = iphoneos;
				SWIFT_COMPILATION_MODE = wholemodule;
				SWIFT_OPTIMIZATION_LEVEL = "-O";
				VALIDATE_PRODUCT = YES;
			};
			name = Release;
		};
		2464DCF42584B6970088DCBC /* Debug */ = {
			isa = XCBuildConfiguration;
			buildSettings = {
				ASSETCATALOG_COMPILER_APPICON_NAME = AppIcon;
				ASSETCATALOG_COMPILER_GLOBAL_ACCENT_COLOR_NAME = AccentColor;
				CODE_SIGN_STYLE = Automatic;
				DEVELOPMENT_TEAM = 6ZT78V5565;
				INFOPLIST_FILE = Login/support/Info.plist;
				IPHONEOS_DEPLOYMENT_TARGET = 14.0;
				LD_RUNPATH_SEARCH_PATHS = (
					"$(inherited)",
					"@executable_path/Frameworks",
				);
				PRODUCT_BUNDLE_IDENTIFIER = com.Login;
				PRODUCT_NAME = "$(TARGET_NAME)";
				SWIFT_VERSION = 5.0;
				TARGETED_DEVICE_FAMILY = 1;
			};
			name = Debug;
		};
		2464DCF52584B6970088DCBC /* Release */ = {
			isa = XCBuildConfiguration;
			buildSettings = {
				ASSETCATALOG_COMPILER_APPICON_NAME = AppIcon;
				ASSETCATALOG_COMPILER_GLOBAL_ACCENT_COLOR_NAME = AccentColor;
				CODE_SIGN_STYLE = Automatic;
				DEVELOPMENT_TEAM = 6ZT78V5565;
				INFOPLIST_FILE = Login/support/Info.plist;
				IPHONEOS_DEPLOYMENT_TARGET = 14.0;
				LD_RUNPATH_SEARCH_PATHS = (
					"$(inherited)",
					"@executable_path/Frameworks",
				);
				PRODUCT_BUNDLE_IDENTIFIER = com.Login;
				PRODUCT_NAME = "$(TARGET_NAME)";
				SWIFT_VERSION = 5.0;
				TARGETED_DEVICE_FAMILY = 1;
			};
			name = Release;
		};
/* End XCBuildConfiguration section */

/* Begin XCConfigurationList section */
		2464DCDA2584B6940088DCBC /* Build configuration list for PBXProject "Login" */ = {
			isa = XCConfigurationList;
			buildConfigurations = (
				2464DCF12584B6970088DCBC /* Debug */,
				2464DCF22584B6970088DCBC /* Release */,
			);
			defaultConfigurationIsVisible = 0;
			defaultConfigurationName = Release;
		};
		2464DCF32584B6970088DCBC /* Build configuration list for PBXNativeTarget "Login" */ = {
			isa = XCConfigurationList;
			buildConfigurations = (
				2464DCF42584B6970088DCBC /* Debug */,
				2464DCF52584B6970088DCBC /* Release */,
			);
			defaultConfigurationIsVisible = 0;
			defaultConfigurationName = Release;
		};
/* End XCConfigurationList section */
	};
	rootObject = 2464DCD72584B6940088DCBC /* Project object */;
}
